
Microsoft Visual Studio Solution File, Format Version 12.00
# Visual Studio 15
VisualStudioVersion = 15.0.26730.16
MinimumVisualStudioVersion = 10.0.40219.1
Project("{FAE04EC0-301F-11D3-BF4B-00C04F79EFBC}") = "fd87_MK final", "fd87_MK final\fd87_MK final.csproj", "{FD083861-B578-4F15-927D-555275525808}"
EndProject
Global
	GlobalSection(SolutionConfigurationPlatforms) = preSolution
		Debug|Any CPU = Debug|Any CPU
		Release|Any CPU = Release|Any CPU
	EndGlobalSection
	GlobalSection(ProjectConfigurationPlatforms) = postSolution
		{FD083861-B578-4F15-927D-555275525808}.Debug|Any CPU.ActiveCfg = Debug|Any CPU
		{FD083861-B578-4F15-927D-555275525808}.Debug|Any CPU.Build.0 = Debug|Any CPU
		{FD083861-B578-4F15-927D-555275525808}.Release|Any CPU.ActiveCfg = Release|Any CPU
		{FD083861-B578-4F15-927D-555275525808}.Release|Any CPU.Build.0 = Release|Any CPU
	EndGlobalSection
	GlobalSection(SolutionProperties) = preSolution
		HideSolutionNode = FALSE
	EndGlobalSection
	GlobalSection(ExtensibilityGlobals) = postSolution
		SolutionGuid = {5F312A38-B537-4DE5-BE4E-B982481E40B6}
	EndGlobalSection
EndGlobal
